
Microsoft Visual Studio Solution File, Format Version 12.00
# Visual Studio 15
Project("{FAE04EC0-301F-11D3-BF4B-00C04F79EFBC}") = "Assembly-CSharp-firstpass", "Assembly-CSharp-firstpass.csproj", "{FE0BA34D-4E95-CE38-DA1D-3B3CEF28BA60}"
EndProject
Project("{FAE04EC0-301F-11D3-BF4B-00C04F79EFBC}") = "LeapMotion.LeapCSharp", "LeapMotion.LeapCSharp.csproj", "{3D2EBDE7-E592-F15B-F5D5-4B4BAEF06726}"
EndProject
Project("{FAE04EC0-301F-11D3-BF4B-00C04F79EFBC}") = "Assembly-CSharp", "Assembly-CSharp.csproj", "{7CA459DA-94EA-ED26-E2B7-F3B2BDB9B60D}"
EndProject
Project("{FAE04EC0-301F-11D3-BF4B-00C04F79EFBC}") = "Assembly-CSharp-Editor-firstpass", "Assembly-CSharp-Editor-firstpass.csproj", "{731F3C5E-E002-0558-9467-431FADCF7931}"
EndProject
Global
	GlobalSection(SolutionConfigurationPlatforms) = preSolution
		Debug|Any CPU = Debug|Any CPU
		Release|Any CPU = Release|Any CPU
	EndGlobalSection
	GlobalSection(ProjectConfigurationPlatforms) = postSolution
		{FE0BA34D-4E95-CE38-DA1D-3B3CEF28BA60}.Debug|Any CPU.ActiveCfg = Debug|Any CPU
		{FE0BA34D-4E95-CE38-DA1D-3B3CEF28BA60}.Debug|Any CPU.Build.0 = Debug|Any CPU
		{FE0BA34D-4E95-CE38-DA1D-3B3CEF28BA60}.Release|Any CPU.ActiveCfg = Release|Any CPU
		{FE0BA34D-4E95-CE38-DA1D-3B3CEF28BA60}.Release|Any CPU.Build.0 = Release|Any CPU
		{3D2EBDE7-E592-F15B-F5D5-4B4BAEF06726}.Debug|Any CPU.ActiveCfg = Debug|Any CPU
		{3D2EBDE7-E592-F15B-F5D5-4B4BAEF06726}.Debug|Any CPU.Build.0 = Debug|Any CPU
		{3D2EBDE7-E592-F15B-F5D5-4B4BAEF06726}.Release|Any CPU.ActiveCfg = Release|Any CPU
		{3D2EBDE7-E592-F15B-F5D5-4B4BAEF06726}.Release|Any CPU.Build.0 = Release|Any CPU
		{7CA459DA-94EA-ED26-E2B7-F3B2BDB9B60D}.Debug|Any CPU.ActiveCfg = Debug|Any CPU
		{7CA459DA-94EA-ED26-E2B7-F3B2BDB9B60D}.Debug|Any CPU.Build.0 = Debug|Any CPU
		{7CA459DA-94EA-ED26-E2B7-F3B2BDB9B60D}.Release|Any CPU.ActiveCfg = Release|Any CPU
		{7CA459DA-94EA-ED26-E2B7-F3B2BDB9B60D}.Release|Any CPU.Build.0 = Release|Any CPU
		{731F3C5E-E002-0558-9467-431FADCF7931}.Debug|Any CPU.ActiveCfg = Debug|Any CPU
		{731F3C5E-E002-0558-9467-431FADCF7931}.Debug|Any CPU.Build.0 = Debug|Any CPU
		{731F3C5E-E002-0558-9467-431FADCF7931}.Release|Any CPU.ActiveCfg = Release|Any CPU
		{731F3C5E-E002-0558-9467-431FADCF7931}.Release|Any CPU.Build.0 = Release|Any CPU
	EndGlobalSection
	GlobalSection(SolutionProperties) = preSolution
		HideSolutionNode = FALSE
	EndGlobalSection
EndGlobal
